
Microsoft Visual Studio Solution File, Format Version 12.00
# Visual Studio 15
VisualStudioVersion = 15.0.27130.2036
MinimumVisualStudioVersion = 10.0.40219.1
Project("{FAE04EC0-301F-11D3-BF4B-00C04F79EFBC}") = "MadisonScheduler", "MadisonScheduler\MadisonScheduler.csproj", "{402E4443-CCEF-4283-96B6-4D1635A0F448}"
EndProject
Global
	GlobalSection(SolutionConfigurationPlatforms) = preSolution
		Debug|Any CPU = Debug|Any CPU
		Release|Any CPU = Release|Any CPU
	EndGlobalSection
	GlobalSection(ProjectConfigurationPlatforms) = postSolution
		{402E4443-CCEF-4283-96B6-4D1635A0F448}.Debug|Any CPU.ActiveCfg = Debug|Any CPU
		{402E4443-CCEF-4283-96B6-4D1635A0F448}.Debug|Any CPU.Build.0 = Debug|Any CPU
		{402E4443-CCEF-4283-96B6-4D1635A0F448}.Release|Any CPU.ActiveCfg = Release|Any CPU
		{402E4443-CCEF-4283-96B6-4D1635A0F448}.Release|Any CPU.Build.0 = Release|Any CPU
	EndGlobalSection
	GlobalSection(SolutionProperties) = preSolution
		HideSolutionNode = FALSE
	EndGlobalSection
	GlobalSection(ExtensibilityGlobals) = postSolution
		SolutionGuid = {9F0E561B-AA5F-4E65-A9CB-B7CA1070163D}
	EndGlobalSection
EndGlobal
